// !$*UTF8*$!
{
	archiveVersion = 1;
	classes = {
	};
	objectVersion = 50;
	objects = {

/* Begin PBXBuildFile section */
		33CD4CC92383484300466EFB /* AppDelegate.swift in Sources */ = {isa = PBXBuildFile; fileRef = 33CD4CC82383484300466EFB /* AppDelegate.swift */; };
		33CD4CCB2383484300466EFB /* SceneDelegate.swift in Sources */ = {isa = PBXBuildFile; fileRef = 33CD4CCA2383484300466EFB /* SceneDelegate.swift */; };
		33CD4CCD2383484300466EFB /* ContentView.swift in Sources */ = {isa = PBXBuildFile; fileRef = 33CD4CCC2383484300466EFB /* ContentView.swift */; };
		33CD4CCF2383484400466EFB /* Assets.xcassets in Resources */ = {isa = PBXBuildFile; fileRef = 33CD4CCE2383484400466EFB /* Assets.xcassets */; };
		33CD4CD22383484400466EFB /* Preview Assets.xcassets in Resources */ = {isa = PBXBuildFile; fileRef = 33CD4CD12383484400466EFB /* Preview Assets.xcassets */; };
		33CD4CD52383484400466EFB /* LaunchScreen.storyboard in Resources */ = {isa = PBXBuildFile; fileRef = 33CD4CD32383484400466EFB /* LaunchScreen.storyboard */; };
		33CD4CE223834AD200466EFB /* BackSplash.swift in Sources */ = {isa = PBXBuildFile; fileRef = 33CD4CE123834AD200466EFB /* BackSplash.swift */; };
		33CD4CE42383536900466EFB /* MainForecast.swift in Sources */ = {isa = PBXBuildFile; fileRef = 33CD4CE32383536900466EFB /* MainForecast.swift */; };
		33CD4CE6238358D000466EFB /* Service.swift in Sources */ = {isa = PBXBuildFile; fileRef = 33CD4CE5238358D000466EFB /* Service.swift */; };
/* End PBXBuildFile section */

/* Begin PBXFileReference section */
		33CD4CC52383484300466EFB /* SwiftUI_Study_Weather.app */ = {isa = PBXFileReference; explicitFileType = wrapper.application; includeInIndex = 0; path = SwiftUI_Study_Weather.app; sourceTree = BUILT_PRODUCTS_DIR; };
		33CD4CC82383484300466EFB /* AppDelegate.swift */ = {isa = PBXFileReference; lastKnownFileType = sourcecode.swift; path = AppDelegate.swift; sourceTree = "<group>"; };
		33CD4CCA2383484300466EFB /* SceneDelegate.swift */ = {isa = PBXFileReference; lastKnownFileType = sourcecode.swift; path = SceneDelegate.swift; sourceTree = "<group>"; };
		33CD4CCC2383484300466EFB /* ContentView.swift */ = {isa = PBXFileReference; lastKnownFileType = sourcecode.swift; path = ContentView.swift; sourceTree = "<group>"; };
		33CD4CCE2383484400466EFB /* Assets.xcassets */ = {isa = PBXFileReference; lastKnownFileType = folder.assetcatalog; path = Assets.xcassets; sourceTree = "<group>"; };
		33CD4CD12383484400466EFB /* Preview Assets.xcassets */ = {isa = PBXFileReference; lastKnownFileType = folder.assetcatalog; path = "Preview Assets.xcassets"; sourceTree = "<group>"; };
		33CD4CD42383484400466EFB /* Base */ = {isa = PBXFileReference; lastKnownFileType = file.storyboard; name = Base; path = Base.lproj/LaunchScreen.storyboard; sourceTree = "<group>"; };
		33CD4CD62383484400466EFB /* Info.plist */ = {isa = PBXFileReference; lastKnownFileType = text.plist.xml; path = Info.plist; sourceTree = "<group>"; };
		33CD4CE123834AD200466EFB /* BackSplash.swift */ = {isa = PBXFileReference; lastKnownFileType = sourcecode.swift; path = BackSplash.swift; sourceTree = "<group>"; };
		33CD4CE32383536900466EFB /* MainForecast.swift */ = {isa = PBXFileReference; lastKnownFileType = sourcecode.swift; path = MainForecast.swift; sourceTree = "<group>"; };
		33CD4CE5238358D000466EFB /* Service.swift */ = {isa = PBXFileReference; lastKnownFileType = sourcecode.swift; path = Service.swift; sourceTree = "<group>"; };
/* End PBXFileReference section */

/* Begin PBXFrameworksBuildPhase section */
		33CD4CC22383484300466EFB /* Frameworks */ = {
			isa = PBXFrameworksBuildPhase;
			buildActionMask = 2147483647;
			files = (
			);
			runOnlyForDeploymentPostprocessing = 0;
		};
/* End PBXFrameworksBuildPhase section */

/* Begin PBXGroup section */
		33CD4CBC2383484300466EFB = {
			isa = PBXGroup;
			children = (
				33CD4CC72383484300466EFB /* SwiftUI_Study_Weather */,
				33CD4CC62383484300466EFB /* Products */,
			);
			sourceTree = "<group>";
		};
		33CD4CC62383484300466EFB /* Products */ = {
			isa = PBXGroup;
			children = (
				33CD4CC52383484300466EFB /* SwiftUI_Study_Weather.app */,
			);
			name = Products;
			sourceTree = "<group>";
		};
		33CD4CC72383484300466EFB /* SwiftUI_Study_Weather */ = {
			isa = PBXGroup;
			children = (
				33CD4CE023834A5B00466EFB /* View Model */,
				33CD4CDF23834A2D00466EFB /* Services */,
				33CD4CDE23834A2400466EFB /* Data */,
				33CD4CDD23834A1C00466EFB /* Views */,
				33CD4CDC23834A0900466EFB /* Helpers */,
				33CD4CC82383484300466EFB /* AppDelegate.swift */,
				33CD4CCA2383484300466EFB /* SceneDelegate.swift */,
				33CD4CCC2383484300466EFB /* ContentView.swift */,
				33CD4CCE2383484400466EFB /* Assets.xcassets */,
				33CD4CD32383484400466EFB /* LaunchScreen.storyboard */,
				33CD4CD62383484400466EFB /* Info.plist */,
				33CD4CD02383484400466EFB /* Preview Content */,
			);
			path = SwiftUI_Study_Weather;
			sourceTree = "<group>";
		};
		33CD4CD02383484400466EFB /* Preview Content */ = {
			isa = PBXGroup;
			children = (
				33CD4CD12383484400466EFB /* Preview Assets.xcassets */,
			);
			path = "Preview Content";
			sourceTree = "<group>";
		};
		33CD4CDC23834A0900466EFB /* Helpers */ = {
			isa = PBXGroup;
			children = (
			);
			path = Helpers;
			sourceTree = "<group>";
		};
		33CD4CDD23834A1C00466EFB /* Views */ = {
			isa = PBXGroup;
			children = (
				33CD4CE123834AD200466EFB /* BackSplash.swift */,
			);
			path = Views;
			sourceTree = "<group>";
		};
		33CD4CDE23834A2400466EFB /* Data */ = {
			isa = PBXGroup;
			children = (
				33CD4CE32383536900466EFB /* MainForecast.swift */,
			);
			path = Data;
			sourceTree = "<group>";
		};
		33CD4CDF23834A2D00466EFB /* Services */ = {
			isa = PBXGroup;
			children = (
				33CD4CE5238358D000466EFB /* Service.swift */,
			);
			path = Services;
			sourceTree = "<group>";
		};
		33CD4CE023834A5B00466EFB /* View Model */ = {
			isa = PBXGroup;
			children = (
			);
			path = "View Model";
			sourceTree = "<group>";
		};
/* End PBXGroup section */

/* Begin PBXNativeTarget section */
		33CD4CC42383484300466EFB /* SwiftUI_Study_Weather */ = {
			isa = PBXNativeTarget;
			buildConfigurationList = 33CD4CD92383484400466EFB /* Build configuration list for PBXNativeTarget "SwiftUI_Study_Weather" */;
			buildPhases = (
				33CD4CC12383484300466EFB /* Sources */,
				33CD4CC22383484300466EFB /* Frameworks */,
				33CD4CC32383484300466EFB /* Resources */,
			);
			buildRules = (
			);
			dependencies = (
			);
			name = SwiftUI_Study_Weather;
			productName = SwiftUI_Study_Weather;
			productReference = 33CD4CC52383484300466EFB /* SwiftUI_Study_Weather.app */;
			productType = "com.apple.product-type.application";
		};
/* End PBXNativeTarget section */

/* Begin PBXProject section */
		33CD4CBD2383484300466EFB /* Project object */ = {
			isa = PBXProject;
			attributes = {
				LastSwiftUpdateCheck = 1120;
				LastUpgradeCheck = 1120;
				ORGANIZATIONNAME = "관리자";
				TargetAttributes = {
					33CD4CC42383484300466EFB = {
						CreatedOnToolsVersion = 11.2.1;
					};
				};
			};
			buildConfigurationList = 33CD4CC02383484300466EFB /* Build configuration list for PBXProject "SwiftUI_Study_Weather" */;
			compatibilityVersion = "Xcode 9.3";
			developmentRegion = en;
			hasScannedForEncodings = 0;
			knownRegions = (
				en,
				Base,
			);
			mainGroup = 33CD4CBC2383484300466EFB;
			productRefGroup = 33CD4CC62383484300466EFB /* Products */;
			projectDirPath = "";
			projectRoot = "";
			targets = (
				33CD4CC42383484300466EFB /* SwiftUI_Study_Weather */,
			);
		};
/* End PBXProject section */

/* Begin PBXResourcesBuildPhase section */
		33CD4CC32383484300466EFB /* Resources */ = {
			isa = PBXResourcesBuildPhase;
			buildActionMask = 2147483647;
			files = (
				33CD4CD52383484400466EFB /* LaunchScreen.storyboard in Resources */,
				33CD4CD22383484400466EFB /* Preview Assets.xcassets in Resources */,
				33CD4CCF2383484400466EFB /* Assets.xcassets in Resources */,
			);
			runOnlyForDeploymentPostprocessing = 0;
		};
/* End PBXResourcesBuildPhase section */

/* Begin PBXSourcesBuildPhase section */
		33CD4CC12383484300466EFB /* Sources */ = {
			isa = PBXSourcesBuildPhase;
			buildActionMask = 2147483647;
			files = (
				33CD4CC92383484300466EFB /* AppDelegate.swift in Sources */,
				33CD4CCB2383484300466EFB /* SceneDelegate.swift in Sources */,
				33CD4CE42383536900466EFB /* MainForecast.swift in Sources */,
				33CD4CCD2383484300466EFB /* ContentView.swift in Sources */,
				33CD4CE223834AD200466EFB /* BackSplash.swift in Sources */,
				33CD4CE6238358D000466EFB /* Service.swift in Sources */,
			);
			runOnlyForDeploymentPostprocessing = 0;
		};
/* End PBXSourcesBuildPhase section */

/* Begin PBXVariantGroup section */
		33CD4CD32383484400466EFB /* LaunchScreen.storyboard */ = {
			isa = PBXVariantGroup;
			children = (
				33CD4CD42383484400466EFB /* Base */,
			);
			name = LaunchScreen.storyboard;
			sourceTree = "<group>";
		};
/* End PBXVariantGroup section */

/* Begin XCBuildConfiguration section */
		33CD4CD72383484400466EFB /* Debug */ = {
			isa = XCBuildConfiguration;
			buildSettings = {
				ALWAYS_SEARCH_USER_PATHS = NO;
				CLANG_ANALYZER_NONNULL = YES;
				CLANG_ANALYZER_NUMBER_OBJECT_CONVERSION = YES_AGGRESSIVE;
				CLANG_CXX_LANGUAGE_STANDARD = "gnu++14";
				CLANG_CXX_LIBRARY = "libc++";
				CLANG_ENABLE_MODULES = YES;
				CLANG_ENABLE_OBJC_ARC = YES;
				CLANG_ENABLE_OBJC_WEAK = YES;
				CLANG_WARN_BLOCK_CAPTURE_AUTORELEASING = YES;
				CLANG_WARN_BOOL_CONVERSION = YES;
				CLANG_WARN_COMMA = YES;
				CLANG_WARN_CONSTANT_CONVERSION = YES;
				CLANG_WARN_DEPRECATED_OBJC_IMPLEMENTATIONS = YES;
				CLANG_WARN_DIRECT_OBJC_ISA_USAGE = YES_ERROR;
				CLANG_WARN_DOCUMENTATION_COMMENTS = YES;
				CLANG_WARN_EMPTY_BODY = YES;
				CLANG_WARN_ENUM_CONVERSION = YES;
				CLANG_WARN_INFINITE_RECURSION = YES;
				CLANG_WARN_INT_CONVERSION = YES;
				CLANG_WARN_NON_LITERAL_NULL_CONVERSION = YES;
				CLANG_WARN_OBJC_IMPLICIT_RETAIN_SELF = YES;
				CLANG_WARN_OBJC_LITERAL_CONVERSION = YES;
				CLANG_WARN_OBJC_ROOT_CLASS = YES_ERROR;
				CLANG_WARN_RANGE_LOOP_ANALYSIS = YES;
				CLANG_WARN_STRICT_PROTOTYPES = YES;
				CLANG_WARN_SUSPICIOUS_MOVE = YES;
				CLANG_WARN_UNGUARDED_AVAILABILITY = YES_AGGRESSIVE;
				CLANG_WARN_UNREACHABLE_CODE = YES;
				CLANG_WARN__DUPLICATE_METHOD_MATCH = YES;
				COPY_PHASE_STRIP = NO;
				DEBUG_INFORMATION_FORMAT = dwarf;
				ENABLE_STRICT_OBJC_MSGSEND = YES;
				ENABLE_TESTABILITY = YES;
				GCC_C_LANGUAGE_STANDARD = gnu11;
				GCC_DYNAMIC_NO_PIC = NO;
				GCC_NO_COMMON_BLOCKS = YES;
				GCC_OPTIMIZATION_LEVEL = 0;
				GCC_PREPROCESSOR_DEFINITIONS = (
					"DEBUG=1",
					"$(inherited)",
				);
				GCC_WARN_64_TO_32_BIT_CONVERSION = YES;
				GCC_WARN_ABOUT_RETURN_TYPE = YES_ERROR;
				GCC_WARN_UNDECLARED_SELECTOR = YES;
				GCC_WARN_UNINITIALIZED_AUTOS = YES_AGGRESSIVE;
				GCC_WARN_UNUSED_FUNCTION = YES;
				GCC_WARN_UNUSED_VARIABLE = YES;
				IPHONEOS_DEPLOYMENT_TARGET = 13.2;
				MTL_ENABLE_DEBUG_INFO = INCLUDE_SOURCE;
				MTL_FAST_MATH = YES;
				ONLY_ACTIVE_ARCH = YES;
				SDKROOT = iphoneos;
				SWIFT_ACTIVE_COMPILATION_CONDITIONS = DEBUG;
				SWIFT_OPTIMIZATION_LEVEL = "-Onone";
			};
			name = Debug;
		};
		33CD4CD82383484400466EFB /* Release */ = {
			isa = XCBuildConfiguration;
			buildSettings = {
				ALWAYS_SEARCH_USER_PATHS = NO;
				CLANG_ANALYZER_NONNULL = YES;
				CLANG_ANALYZER_NUMBER_OBJECT_CONVERSION = YES_AGGRESSIVE;
				CLANG_CXX_LANGUAGE_STANDARD = "gnu++14";
				CLANG_CXX_LIBRARY = "libc++";
				CLANG_ENABLE_MODULES = YES;
				CLANG_ENABLE_OBJC_ARC = YES;
				CLANG_ENABLE_OBJC_WEAK = YES;
				CLANG_WARN_BLOCK_CAPTURE_AUTORELEASING = YES;
				CLANG_WARN_BOOL_CONVERSION = YES;
				CLANG_WARN_COMMA = YES;
				CLANG_WARN_CONSTANT_CONVERSION = YES;
				CLANG_WARN_DEPRECATED_OBJC_IMPLEMENTATIONS = YES;
				CLANG_WARN_DIRECT_OBJC_ISA_USAGE = YES_ERROR;
				CLANG_WARN_DOCUMENTATION_COMMENTS = YES;
				CLANG_WARN_EMPTY_BODY = YES;
				CLANG_WARN_ENUM_CONVERSION = YES;
				CLANG_WARN_INFINITE_RECURSION = YES;
				CLANG_WARN_INT_CONVERSION = YES;
				CLANG_WARN_NON_LITERAL_NULL_CONVERSION = YES;
				CLANG_WARN_OBJC_IMPLICIT_RETAIN_SELF = YES;
				CLANG_WARN_OBJC_LITERAL_CONVERSION = YES;
				CLANG_WARN_OBJC_ROOT_CLASS = YES_ERROR;
				CLANG_WARN_RANGE_LOOP_ANALYSIS = YES;
				CLANG_WARN_STRICT_PROTOTYPES = YES;
				CLANG_WARN_SUSPICIOUS_MOVE = YES;
				CLANG_WARN_UNGUARDED_AVAILABILITY = YES_AGGRESSIVE;
				CLANG_WARN_UNREACHABLE_CODE = YES;
				CLANG_WARN__DUPLICATE_METHOD_MATCH = YES;
				COPY_PHASE_STRIP = NO;
				DEBUG_INFORMATION_FORMAT = "dwarf-with-dsym";
				ENABLE_NS_ASSERTIONS = NO;
				ENABLE_STRICT_OBJC_MSGSEND = YES;
				GCC_C_LANGUAGE_STANDARD = gnu11;
				GCC_NO_COMMON_BLOCKS = YES;
				GCC_WARN_64_TO_32_BIT_CONVERSION = YES;
				GCC_WARN_ABOUT_RETURN_TYPE = YES_ERROR;
				GCC_WARN_UNDECLARED_SELECTOR = YES;
				GCC_WARN_UNINITIALIZED_AUTOS = YES_AGGRESSIVE;
				GCC_WARN_UNUSED_FUNCTION = YES;
				GCC_WARN_UNUSED_VARIABLE = YES;
				IPHONEOS_DEPLOYMENT_TARGET = 13.2;
				MTL_ENABLE_DEBUG_INFO = NO;
				MTL_FAST_MATH = YES;
				SDKROOT = iphoneos;
				SWIFT_COMPILATION_MODE = wholemodule;
				SWIFT_OPTIMIZATION_LEVEL = "-O";
				VALIDATE_PRODUCT = YES;
			};
			name = Release;
		};
		33CD4CDA2383484400466EFB /* Debug */ = {
			isa = XCBuildConfiguration;
			buildSettings = {
				ASSETCATALOG_COMPILER_APPICON_NAME = AppIcon;
				CODE_SIGN_STYLE = Automatic;
				DEVELOPMENT_ASSET_PATHS = "\"SwiftUI_Study_Weather/Preview Content\"";
				DEVELOPMENT_TEAM = 9RZ227D96G;
				ENABLE_PREVIEWS = YES;
				INFOPLIST_FILE = SwiftUI_Study_Weather/Info.plist;
				LD_RUNPATH_SEARCH_PATHS = (
					"$(inherited)",
					"@executable_path/Frameworks",
				);
				PRODUCT_BUNDLE_IDENTIFIER = "com.kbschool.SwiftUI-Study-Weather";
				PRODUCT_NAME = "$(TARGET_NAME)";
				SWIFT_VERSION = 5.0;
				TARGETED_DEVICE_FAMILY = "1,2";
			};
			name = Debug;
		};
		33CD4CDB2383484400466EFB /* Release */ = {
			isa = XCBuildConfiguration;
			buildSettings = {
				ASSETCATALOG_COMPILER_APPICON_NAME = AppIcon;
				CODE_SIGN_STYLE = Automatic;
				DEVELOPMENT_ASSET_PATHS = "\"SwiftUI_Study_Weather/Preview Content\"";
				DEVELOPMENT_TEAM = 9RZ227D96G;
				ENABLE_PREVIEWS = YES;
				INFOPLIST_FILE = SwiftUI_Study_Weather/Info.plist;
				LD_RUNPATH_SEARCH_PATHS = (
					"$(inherited)",
					"@executable_path/Frameworks",
				);
				PRODUCT_BUNDLE_IDENTIFIER = "com.kbschool.SwiftUI-Study-Weather";
				PRODUCT_NAME = "$(TARGET_NAME)";
				SWIFT_VERSION = 5.0;
				TARGETED_DEVICE_FAMILY = "1,2";
			};
			name = Release;
		};
/* End XCBuildConfiguration section */

/* Begin XCConfigurationList section */
		33CD4CC02383484300466EFB /* Build configuration list for PBXProject "SwiftUI_Study_Weather" */ = {
			isa = XCConfigurationList;
			buildConfigurations = (
				33CD4CD72383484400466EFB /* Debug */,
				33CD4CD82383484400466EFB /* Release */,
			);
			defaultConfigurationIsVisible = 0;
			defaultConfigurationName = Release;
		};
		33CD4CD92383484400466EFB /* Build configuration list for PBXNativeTarget "SwiftUI_Study_Weather" */ = {
			isa = XCConfigurationList;
			buildConfigurations = (
				33CD4CDA2383484400466EFB /* Debug */,
				33CD4CDB2383484400466EFB /* Release */,
			);
			defaultConfigurationIsVisible = 0;
			defaultConfigurationName = Release;
		};
/* End XCConfigurationList section */
	};
	rootObject = 33CD4CBD2383484300466EFB /* Project object */;
}
